// !$*UTF8*$!
{
	archiveVersion = 1;
	classes = {
	};
	objectVersion = 46;
	objects = {

/* Begin PBXBuildFile section */
		0B38B5E619E8EF9200D72911 /* AppDelegate.m in Sources */ = {isa = PBXBuildFile; fileRef = 0B38B5E519E8EF9200D72911 /* AppDelegate.m */; };
		7D2FF9FC1140B94600707C79 /* IOKit.framework in Frameworks */ = {isa = PBXBuildFile; fileRef = 7D2FF9FB1140B94600707C79 /* IOKit.framework */; };
		8D11072F0486CEB800E47090 /* Cocoa.framework in Frameworks */ = {isa = PBXBuildFile; fileRef = 1058C7A1FEA54F0111CA2CBB /* Cocoa.framework */; };
		C0391E771E6E81EC00AF4839 /* MainMenuController.m in Sources */ = {isa = PBXBuildFile; fileRef = C0391E751E6E81EC00AF4839 /* MainMenuController.m */; };
		C0391E781E6E81EC00AF4839 /* Menu.xib in Resources */ = {isa = PBXBuildFile; fileRef = C0391E761E6E81EC00AF4839 /* Menu.xib */; };
		C0391E7C1E6E820200AF4839 /* Preferences.xib in Resources */ = {isa = PBXBuildFile; fileRef = C0391E791E6E820200AF4839 /* Preferences.xib */; };
		C0391E7D1E6E820200AF4839 /* PreferencesController.m in Sources */ = {isa = PBXBuildFile; fileRef = C0391E7B1E6E820200AF4839 /* PreferencesController.m */; };
		C0391E811E6E820E00AF4839 /* LMUController.m in Sources */ = {isa = PBXBuildFile; fileRef = C0391E7F1E6E820E00AF4839 /* LMUController.m */; };
		C0391E861E6E821E00AF4839 /* DDCControls.m in Sources */ = {isa = PBXBuildFile; fileRef = C0391E831E6E821E00AF4839 /* DDCControls.m */; };
		C0391E871E6E821E00AF4839 /* Screen.m in Sources */ = {isa = PBXBuildFile; fileRef = C0391E851E6E821E00AF4839 /* Screen.m */; };
		C0391E8C1E6E823500AF4839 /* main.m in Sources */ = {isa = PBXBuildFile; fileRef = C0391E8A1E6E823500AF4839 /* main.m */; };
		C0391E901E6E824D00AF4839 /* brightness-sun-transparent-black.icns in Resources */ = {isa = PBXBuildFile; fileRef = C0391E8D1E6E824D00AF4839 /* brightness-sun-transparent-black.icns */; };
		C0391E911E6E824D00AF4839 /* icon-alt.png in Resources */ = {isa = PBXBuildFile; fileRef = C0391E8E1E6E824D00AF4839 /* icon-alt.png */; };
		C0391E921E6E824D00AF4839 /* icon.png in Resources */ = {isa = PBXBuildFile; fileRef = C0391E8F1E6E824D00AF4839 /* icon.png */; };
		C0391E951E6E841F00AF4839 /* DDC.c in Sources */ = {isa = PBXBuildFile; fileRef = C0391E931E6E841F00AF4839 /* DDC.c */; };
/* End PBXBuildFile section */

/* Begin PBXFileReference section */
		0B38B5E419E8EF9200D72911 /* AppDelegate.h */ = {isa = PBXFileReference; fileEncoding = 4; lastKnownFileType = sourcecode.c.h; path = AppDelegate.h; sourceTree = "<group>"; };
		0B38B5E519E8EF9200D72911 /* AppDelegate.m */ = {isa = PBXFileReference; fileEncoding = 4; lastKnownFileType = sourcecode.c.objc; path = AppDelegate.m; sourceTree = "<group>"; };
		1058C7A1FEA54F0111CA2CBB /* Cocoa.framework */ = {isa = PBXFileReference; lastKnownFileType = wrapper.framework; name = Cocoa.framework; path = /System/Library/Frameworks/Cocoa.framework; sourceTree = "<absolute>"; };
		29B97324FDCFA39411CA2CEA /* AppKit.framework */ = {isa = PBXFileReference; lastKnownFileType = wrapper.framework; name = AppKit.framework; path = /System/Library/Frameworks/AppKit.framework; sourceTree = "<absolute>"; };
		29B97325FDCFA39411CA2CEA /* Foundation.framework */ = {isa = PBXFileReference; lastKnownFileType = wrapper.framework; name = Foundation.framework; path = /System/Library/Frameworks/Foundation.framework; sourceTree = "<absolute>"; };
		7D2FF9FB1140B94600707C79 /* IOKit.framework */ = {isa = PBXFileReference; lastKnownFileType = wrapper.framework; name = IOKit.framework; path = /System/Library/Frameworks/IOKit.framework; sourceTree = "<absolute>"; };
		7DECCAE1114E12DD0068E5DB /* Brightness Menulet.app */ = {isa = PBXFileReference; explicitFileType = wrapper.application; includeInIndex = 0; path = "Brightness Menulet.app"; sourceTree = BUILT_PRODUCTS_DIR; };
		C0391E741E6E81EC00AF4839 /* MainMenuController.h */ = {isa = PBXFileReference; fileEncoding = 4; lastKnownFileType = sourcecode.c.h; name = MainMenuController.h; path = Menu/MainMenuController.h; sourceTree = "<group>"; };
		C0391E751E6E81EC00AF4839 /* MainMenuController.m */ = {isa = PBXFileReference; fileEncoding = 4; lastKnownFileType = sourcecode.c.objc; name = MainMenuController.m; path = Menu/MainMenuController.m; sourceTree = "<group>"; };
		C0391E761E6E81EC00AF4839 /* Menu.xib */ = {isa = PBXFileReference; fileEncoding = 4; lastKnownFileType = file.xib; name = Menu.xib; path = Menu/Menu.xib; sourceTree = "<group>"; };
		C0391E791E6E820200AF4839 /* Preferences.xib */ = {isa = PBXFileReference; fileEncoding = 4; lastKnownFileType = file.xib; name = Preferences.xib; path = Preferences/Preferences.xib; sourceTree = "<group>"; };
		C0391E7A1E6E820200AF4839 /* PreferencesController.h */ = {isa = PBXFileReference; fileEncoding = 4; lastKnownFileType = sourcecode.c.h; name = PreferencesController.h; path = Preferences/PreferencesController.h; sourceTree = "<group>"; };
		C0391E7B1E6E820200AF4839 /* PreferencesController.m */ = {isa = PBXFileReference; fileEncoding = 4; lastKnownFileType = sourcecode.c.objc; name = PreferencesController.m; path = Preferences/PreferencesController.m; sourceTree = "<group>"; };
		C0391E7E1E6E820E00AF4839 /* LMUController.h */ = {isa = PBXFileReference; fileEncoding = 4; lastKnownFileType = sourcecode.c.h; name = LMUController.h; path = LMU/LMUController.h; sourceTree = "<group>"; };
		C0391E7F1E6E820E00AF4839 /* LMUController.m */ = {isa = PBXFileReference; fileEncoding = 4; lastKnownFileType = sourcecode.c.objc; name = LMUController.m; path = LMU/LMUController.m; sourceTree = "<group>"; };
		C0391E801E6E820E00AF4839 /* LMUDelegate.h */ = {isa = PBXFileReference; fileEncoding = 4; lastKnownFileType = sourcecode.c.h; name = LMUDelegate.h; path = LMU/LMUDelegate.h; sourceTree = "<group>"; };
		C0391E821E6E821E00AF4839 /* DDCControls.h */ = {isa = PBXFileReference; fileEncoding = 4; lastKnownFileType = sourcecode.c.h; name = DDCControls.h; path = DDCControls/DDCControls.h; sourceTree = "<group>"; };
		C0391E831E6E821E00AF4839 /* DDCControls.m */ = {isa = PBXFileReference; fileEncoding = 4; lastKnownFileType = sourcecode.c.objc; name = DDCControls.m; path = DDCControls/DDCControls.m; sourceTree = "<group>"; };
		C0391E841E6E821E00AF4839 /* Screen.h */ = {isa = PBXFileReference; fileEncoding = 4; lastKnownFileType = sourcecode.c.h; name = Screen.h; path = DDCControls/Screen.h; sourceTree = "<group>"; };
		C0391E851E6E821E00AF4839 /* Screen.m */ = {isa = PBXFileReference; fileEncoding = 4; lastKnownFileType = sourcecode.c.objc; name = Screen.m; path = DDCControls/Screen.m; sourceTree = "<group>"; };
		C0391E881E6E823500AF4839 /* BrightnessMenulet_Prefix.pch */ = {isa = PBXFileReference; fileEncoding = 4; lastKnownFileType = sourcecode.c.h; name = BrightnessMenulet_Prefix.pch; path = "Supporting Files/BrightnessMenulet_Prefix.pch"; sourceTree = "<group>"; };
		C0391E891E6E823500AF4839 /* Info.plist */ = {isa = PBXFileReference; fileEncoding = 4; lastKnownFileType = text.plist.xml; name = Info.plist; path = "Supporting Files/Info.plist"; sourceTree = "<group>"; };
		C0391E8A1E6E823500AF4839 /* main.m */ = {isa = PBXFileReference; fileEncoding = 4; lastKnownFileType = sourcecode.c.objc; name = main.m; path = "Supporting Files/main.m"; sourceTree = "<group>"; };
		C0391E8D1E6E824D00AF4839 /* brightness-sun-transparent-black.icns */ = {isa = PBXFileReference; lastKnownFileType = image.icns; name = "brightness-sun-transparent-black.icns"; path = "Resources/brightness-sun-transparent-black.icns"; sourceTree = "<group>"; };
		C0391E8E1E6E824D00AF4839 /* icon-alt.png */ = {isa = PBXFileReference; lastKnownFileType = image.png; name = "icon-alt.png"; path = "Resources/icon-alt.png"; sourceTree = "<group>"; };
		C0391E8F1E6E824D00AF4839 /* icon.png */ = {isa = PBXFileReference; lastKnownFileType = image.png; name = icon.png; path = Resources/icon.png; sourceTree = "<group>"; };
		C0391E931E6E841F00AF4839 /* DDC.c */ = {isa = PBXFileReference; fileEncoding = 4; lastKnownFileType = sourcecode.c.c; name = DDC.c; path = ddcctl/DDC.c; sourceTree = "<group>"; };
		C0391E941E6E841F00AF4839 /* DDC.h */ = {isa = PBXFileReference; fileEncoding = 4; lastKnownFileType = sourcecode.c.h; name = DDC.h; path = ddcctl/DDC.h; sourceTree = "<group>"; };
/* End PBXFileReference section */

/* Begin PBXFrameworksBuildPhase section */
		8D11072E0486CEB800E47090 /* Frameworks */ = {
			isa = PBXFrameworksBuildPhase;
			buildActionMask = 2147483647;
			files = (
				8D11072F0486CEB800E47090 /* Cocoa.framework in Frameworks */,
				7D2FF9FC1140B94600707C79 /* IOKit.framework in Frameworks */,
			);
			runOnlyForDeploymentPostprocessing = 0;
		};
/* End PBXFrameworksBuildPhase section */

/* Begin PBXGroup section */
		0B8CF6C819E7172800F3FD6F /* Preferences */ = {
			isa = PBXGroup;
			children = (
				C0391E791E6E820200AF4839 /* Preferences.xib */,
				C0391E7A1E6E820200AF4839 /* PreferencesController.h */,
				C0391E7B1E6E820200AF4839 /* PreferencesController.m */,
			);
			name = Preferences;
			sourceTree = "<group>";
		};
		0B8CF6CC19E71BA400F3FD6F /* Menu */ = {
			isa = PBXGroup;
			children = (
				C0391E761E6E81EC00AF4839 /* Menu.xib */,
				C0391E741E6E81EC00AF4839 /* MainMenuController.h */,
				C0391E751E6E81EC00AF4839 /* MainMenuController.m */,
			);
			name = Menu;
			sourceTree = "<group>";
		};
		0BCFE67419C9F1B90094B561 /* DDCControls */ = {
			isa = PBXGroup;
			children = (
				C0391E821E6E821E00AF4839 /* DDCControls.h */,
				C0391E831E6E821E00AF4839 /* DDCControls.m */,
				C0391E841E6E821E00AF4839 /* Screen.h */,
				C0391E851E6E821E00AF4839 /* Screen.m */,
			);
			name = DDCControls;
			sourceTree = "<group>";
		};
		0BCFE67519C9F1EC0094B561 /* Supporting Files */ = {
			isa = PBXGroup;
			children = (
				C0391E881E6E823500AF4839 /* BrightnessMenulet_Prefix.pch */,
				C0391E891E6E823500AF4839 /* Info.plist */,
				C0391E8A1E6E823500AF4839 /* main.m */,
			);
			name = "Supporting Files";
			sourceTree = "<group>";
		};
		1058C7A0FEA54F0111CA2CBB /* Linked Frameworks */ = {
			isa = PBXGroup;
			children = (
				1058C7A1FEA54F0111CA2CBB /* Cocoa.framework */,
			);
			name = "Linked Frameworks";
			sourceTree = "<group>";
		};
		1058C7A2FEA54F0111CA2CBB /* Other Frameworks */ = {
			isa = PBXGroup;
			children = (
				7D2FF9FB1140B94600707C79 /* IOKit.framework */,
				29B97324FDCFA39411CA2CEA /* AppKit.framework */,
				29B97325FDCFA39411CA2CEA /* Foundation.framework */,
			);
			name = "Other Frameworks";
			sourceTree = "<group>";
		};
		19C28FACFE9D520D11CA2CBB /* Products */ = {
			isa = PBXGroup;
			children = (
				7DECCAE1114E12DD0068E5DB /* Brightness Menulet.app */,
			);
			name = Products;
			sourceTree = "<group>";
		};
		29B97314FDCFA39411CA2CEA /* MyStatusItem */ = {
			isa = PBXGroup;
			children = (
				0B38B5E419E8EF9200D72911 /* AppDelegate.h */,
				0B38B5E519E8EF9200D72911 /* AppDelegate.m */,
				0B8CF6CC19E71BA400F3FD6F /* Menu */,
				0B8CF6C819E7172800F3FD6F /* Preferences */,
				863E61651C5C518D00C2419C /* LMU */,
				0BCFE67419C9F1B90094B561 /* DDCControls */,
				0BCFE67519C9F1EC0094B561 /* Supporting Files */,
				29B97317FDCFA39411CA2CEA /* Resources */,
				29B97323FDCFA39411CA2CEA /* Frameworks */,
				19C28FACFE9D520D11CA2CBB /* Products */,
			);
			name = MyStatusItem;
			sourceTree = "<group>";
		};
		29B97317FDCFA39411CA2CEA /* Resources */ = {
			isa = PBXGroup;
			children = (
				C0391E8D1E6E824D00AF4839 /* brightness-sun-transparent-black.icns */,
				C0391E8E1E6E824D00AF4839 /* icon-alt.png */,
				C0391E8F1E6E824D00AF4839 /* icon.png */,
			);
			name = Resources;
			sourceTree = "<group>";
		};
		29B97323FDCFA39411CA2CEA /* Frameworks */ = {
			isa = PBXGroup;
			children = (
				C0391E961E6E842300AF4839 /* DDC */,
				1058C7A0FEA54F0111CA2CBB /* Linked Frameworks */,
				1058C7A2FEA54F0111CA2CBB /* Other Frameworks */,
			);
			name = Frameworks;
			sourceTree = "<group>";
		};
		863E61651C5C518D00C2419C /* LMU */ = {
			isa = PBXGroup;
			children = (
				C0391E7E1E6E820E00AF4839 /* LMUController.h */,
				C0391E7F1E6E820E00AF4839 /* LMUController.m */,
				C0391E801E6E820E00AF4839 /* LMUDelegate.h */,
			);
			name = LMU;
			sourceTree = "<group>";
		};
		C0391E961E6E842300AF4839 /* DDC */ = {
			isa = PBXGroup;
			children = (
				C0391E931E6E841F00AF4839 /* DDC.c */,
				C0391E941E6E841F00AF4839 /* DDC.h */,
			);
			name = DDC;
			sourceTree = "<group>";
		};
/* End PBXGroup section */

/* Begin PBXNativeTarget section */
		8D1107260486CEB800E47090 /* BrightnessMenulet */ = {
			isa = PBXNativeTarget;
			buildConfigurationList = C01FCF4A08A954540054247B /* Build configuration list for PBXNativeTarget "BrightnessMenulet" */;
			buildPhases = (
				8D1107290486CEB800E47090 /* Resources */,
				8D11072C0486CEB800E47090 /* Sources */,
				8D11072E0486CEB800E47090 /* Frameworks */,
			);
			buildRules = (
			);
			dependencies = (
			);
			name = BrightnessMenulet;
			productInstallPath = "$(HOME)/Applications";
			productName = MyStatusItem;
			productReference = 7DECCAE1114E12DD0068E5DB /* Brightness Menulet.app */;
			productType = "com.apple.product-type.application";
		};
/* End PBXNativeTarget section */

/* Begin PBXProject section */
		29B97313FDCFA39411CA2CEA /* Project object */ = {
			isa = PBXProject;
			attributes = {
				LastUpgradeCheck = 0700;
				TargetAttributes = {
					8D1107260486CEB800E47090 = {
						DevelopmentTeam = N6A2S4TCDQ;
					};
				};
			};
			buildConfigurationList = C01FCF4E08A954540054247B /* Build configuration list for PBXProject "BrightnessMenulet" */;
			compatibilityVersion = "Xcode 3.2";
			developmentRegion = English;
			hasScannedForEncodings = 1;
			knownRegions = (
				en,
			);
			mainGroup = 29B97314FDCFA39411CA2CEA /* MyStatusItem */;
			projectDirPath = "";
			projectRoot = "";
			targets = (
				8D1107260486CEB800E47090 /* BrightnessMenulet */,
			);
		};
/* End PBXProject section */

/* Begin PBXResourcesBuildPhase section */
		8D1107290486CEB800E47090 /* Resources */ = {
			isa = PBXResourcesBuildPhase;
			buildActionMask = 2147483647;
			files = (
				C0391E781E6E81EC00AF4839 /* Menu.xib in Resources */,
				C0391E901E6E824D00AF4839 /* brightness-sun-transparent-black.icns in Resources */,
				C0391E921E6E824D00AF4839 /* icon.png in Resources */,
				C0391E7C1E6E820200AF4839 /* Preferences.xib in Resources */,
				C0391E911E6E824D00AF4839 /* icon-alt.png in Resources */,
			);
			runOnlyForDeploymentPostprocessing = 0;
		};
/* End PBXResourcesBuildPhase section */

/* Begin PBXSourcesBuildPhase section */
		8D11072C0486CEB800E47090 /* Sources */ = {
			isa = PBXSourcesBuildPhase;
			buildActionMask = 2147483647;
			files = (
				C0391E7D1E6E820200AF4839 /* PreferencesController.m in Sources */,
				C0391E951E6E841F00AF4839 /* DDC.c in Sources */,
				C0391E861E6E821E00AF4839 /* DDCControls.m in Sources */,
				C0391E871E6E821E00AF4839 /* Screen.m in Sources */,
				C0391E811E6E820E00AF4839 /* LMUController.m in Sources */,
				C0391E771E6E81EC00AF4839 /* MainMenuController.m in Sources */,
				C0391E8C1E6E823500AF4839 /* main.m in Sources */,
				0B38B5E619E8EF9200D72911 /* AppDelegate.m in Sources */,
			);
			runOnlyForDeploymentPostprocessing = 0;
		};
/* End PBXSourcesBuildPhase section */

/* Begin XCBuildConfiguration section */
		C01FCF4B08A954540054247B /* Debug */ = {
			isa = XCBuildConfiguration;
			buildSettings = {
				ALWAYS_SEARCH_USER_PATHS = NO;
				CLANG_ENABLE_OBJC_ARC = YES;
				"CODE_SIGN_IDENTITY[sdk=macosx*]" = "Mac Developer";
				COMBINE_HIDPI_IMAGES = YES;
				COPY_PHASE_STRIP = NO;
				GCC_DYNAMIC_NO_PIC = NO;
				GCC_ENABLE_FIX_AND_CONTINUE = YES;
				GCC_MODEL_TUNING = G5;
				GCC_OPTIMIZATION_LEVEL = 0;
				GCC_PRECOMPILE_PREFIX_HEADER = YES;
				GCC_PREFIX_HEADER = "Supporting Files/BrightnessMenulet_Prefix.pch";
				"GCC_PREPROCESSOR_DEFINITIONS[arch=*]" = DEBUG;
				INFOPLIST_FILE = "$(SRCROOT)/Supporting Files/Info.plist";
				INSTALL_PATH = "$(HOME)/Applications";
				LIBRARY_SEARCH_PATHS = "$(inherited)";
				MACOSX_DEPLOYMENT_TARGET = 10.8;
				PRODUCT_BUNDLE_IDENTIFIER = com.redpanda.BrightnessMenulet;
				PRODUCT_NAME = "Brightness Menulet";
				PROVISIONING_PROFILE = "";
				SDKROOT = macosx;
			};
			name = Debug;
		};
		C01FCF4C08A954540054247B /* Release */ = {
			isa = XCBuildConfiguration;
			buildSettings = {
				ALWAYS_SEARCH_USER_PATHS = NO;
				CLANG_ENABLE_OBJC_ARC = YES;
				"CODE_SIGN_IDENTITY[sdk=macosx*]" = "Mac Developer";
				COMBINE_HIDPI_IMAGES = YES;
				DEBUG_INFORMATION_FORMAT = "dwarf-with-dsym";
				GCC_MODEL_TUNING = G5;
				GCC_PRECOMPILE_PREFIX_HEADER = YES;
				GCC_PREFIX_HEADER = "Supporting Files/BrightnessMenulet_Prefix.pch";
				INFOPLIST_FILE = "$(SRCROOT)/Supporting Files/Info.plist";
				INSTALL_PATH = "$(HOME)/Applications";
				LIBRARY_SEARCH_PATHS = "$(inherited)";
				MACOSX_DEPLOYMENT_TARGET = 10.8;
				ONLY_ACTIVE_ARCH = YES;
				PRODUCT_BUNDLE_IDENTIFIER = com.redpanda.BrightnessMenulet;
				PRODUCT_NAME = "Brightness Menulet";
				PROVISIONING_PROFILE = "";
				SDKROOT = macosx;
			};
			name = Release;
		};
		C01FCF4F08A954540054247B /* Debug */ = {
			isa = XCBuildConfiguration;
			buildSettings = {
				ENABLE_TESTABILITY = YES;
				GCC_C_LANGUAGE_STANDARD = c99;
				GCC_OPTIMIZATION_LEVEL = 0;
				GCC_WARN_ABOUT_RETURN_TYPE = YES;
				GCC_WARN_UNUSED_VARIABLE = YES;
				MACOSX_DEPLOYMENT_TARGET = 10.8;
				ONLY_ACTIVE_ARCH = YES;
				PREBINDING = NO;
				PRODUCT_NAME = "Brightness Menulet";
				SDKROOT = macosx;
			};
			name = Debug;
		};
		C01FCF5008A954540054247B /* Release */ = {
			isa = XCBuildConfiguration;
			buildSettings = {
				GCC_C_LANGUAGE_STANDARD = c99;
				GCC_WARN_ABOUT_RETURN_TYPE = YES;
				GCC_WARN_UNUSED_VARIABLE = YES;
				MACOSX_DEPLOYMENT_TARGET = 10.8;
				PREBINDING = NO;
				PRODUCT_NAME = "Brightness Menulet";
				SDKROOT = macosx;
			};
			name = Release;
		};
/* End XCBuildConfiguration section */

/* Begin XCConfigurationList section */
		C01FCF4A08A954540054247B /* Build configuration list for PBXNativeTarget "BrightnessMenulet" */ = {
			isa = XCConfigurationList;
			buildConfigurations = (
				C01FCF4B08A954540054247B /* Debug */,
				C01FCF4C08A954540054247B /* Release */,
			);
			defaultConfigurationIsVisible = 0;
			defaultConfigurationName = Release;
		};
		C01FCF4E08A954540054247B /* Build configuration list for PBXProject "BrightnessMenulet" */ = {
			isa = XCConfigurationList;
			buildConfigurations = (
				C01FCF4F08A954540054247B /* Debug */,
				C01FCF5008A954540054247B /* Release */,
			);
			defaultConfigurationIsVisible = 0;
			defaultConfigurationName = Release;
		};
/* End XCConfigurationList section */
	};
	rootObject = 29B97313FDCFA39411CA2CEA /* Project object */;
}
